{
  "version": "3",
  "packages": {
    "specifiers": {
      "npm:brorand": "npm:brorand@1.1.0",
      "npm:hash.js": "npm:hash.js@1.1.7",
      "npm:hmac-drbg": "npm:hmac-drbg@1.0.1"
    },
    "npm": {
      "brorand@1.1.0": {
        "integrity": "sha512-cKV8tMCEpQs4hK/ik71d6LrPOnpkpGBR0wzxqr68g2m/LB2GxVYQroAjMJZRVM1Y4BCjCKc3vAamxSzOY2RP+w==",
        "dependencies": {}
      },
      "hash.js@1.1.7": {
        "integrity": "sha512-taOaskGt4z4SOANNseOviYDvjEJinIkRgmp7LbKP2YTTmVxWBl87s/uzK9r+44BclBSp2X7K1hqeNfz9JbBeXA==",
        "dependencies": {
          "inherits": "inherits@2.0.4",
          "minimalistic-assert": "minimalistic-assert@1.0.1"
        }
      },
      "hmac-drbg@1.0.1": {
        "integrity": "sha512-Tti3gMqLdZfhOQY1Mzf/AanLiqh1WTiJgEj26ZuYQ9fbkLomzGchCws4FyrSd4VkpBfiNhaE1On+lOz894jvXg==",
        "dependencies": {
          "hash.js": "hash.js@1.1.7",
          "minimalistic-assert": "minimalistic-assert@1.0.1",
          "minimalistic-crypto-utils": "minimalistic-crypto-utils@1.0.1"
        }
      },
      "inherits@2.0.4": {
        "integrity": "sha512-k/vGaX4/Yla3WzyMCvTQOXYeIHvqOKtnqBduzTHpzpQZzAskKMhZ2K+EnBiSM9zGSoIFeMpXKxa4dYeZIQqewQ==",
        "dependencies": {}
      },
      "minimalistic-assert@1.0.1": {
        "integrity": "sha512-UtJcAD4yEaGtjPezWuO9wC4nwUnVH/8/Im3yEHQP4b67cXlD/Qr9hdITCU1xDbSEXg2XKNaP8jsReV7vQd00/A==",
        "dependencies": {}
      },
      "minimalistic-crypto-utils@1.0.1": {
        "integrity": "sha512-JIYlbt6g8i5jKfJ3xz7rF0LXmv2TkDxBLUkiBeZ7bAx4GnnNMr8xFpGnOxn6GhTEHx3SjRrZEoU+j04prX1ktg==",
        "dependencies": {}
      }
    }
  },
  "remote": {
    "https://code4fukui.github.io/ASN1/lib/asn1.js": "635ae9673c74fe9dbc6e493e1098a29d4bb07244564b15da4df28a5b67202637",
    "https://code4fukui.github.io/ASN1/lib/asn1/api.js": "6fcd956d24748a065a86633a345183c2dd5eded728d3a647ce1a85c86f1d6043",
    "https://code4fukui.github.io/ASN1/lib/asn1/base/buffer.js": "a7c94578db72a53689e6784a8eeb397eec27a87ff869d98a33fba363f7155f6f",
    "https://code4fukui.github.io/ASN1/lib/asn1/base/index.js": "1e5b76a2b90eca3fa4f8679a9b2928019d51e2ae27ac2b478feaca996d632719",
    "https://code4fukui.github.io/ASN1/lib/asn1/base/node.js": "8cfb93c1ce72bfbfb6048aa9924ce1b9f81ef648d99ee5ccac19bda2c0e806b7",
    "https://code4fukui.github.io/ASN1/lib/asn1/base/reporter.js": "da43d1b29cd36f3d335af7e3b4f2c0bda3606d6bccad78d8c899e9ac738cd97f",
    "https://code4fukui.github.io/ASN1/lib/asn1/constants/der.js": "3a8af8fb0d876180192b2167597333aa6eea77075b5e9bb2ee423a4f325be782",
    "https://code4fukui.github.io/ASN1/lib/asn1/constants/index.js": "97f8b23e59d505a9d296a91975933210dbdd8c0f8d8349ef03eeeff06332f17b",
    "https://code4fukui.github.io/ASN1/lib/asn1/decoders/der.js": "921362159d4de3384ec8f6a77a5253d02d2518bba38292ada10a63180111bdce",
    "https://code4fukui.github.io/ASN1/lib/asn1/decoders/index.js": "d195d27e3206850462e78e114b8732274c78499dcde59d33606e67dc02e4c6ef",
    "https://code4fukui.github.io/ASN1/lib/asn1/decoders/pem.js": "e53825c824c32b7c768119624429664a4997b50d21f05dfc0c40514335d0230f",
    "https://code4fukui.github.io/ASN1/lib/asn1/encoders/der.js": "077d6d3c493f96ebdc307fd18b1b6be0c9c5d4d65225e1e7816e558ec03a22c5",
    "https://code4fukui.github.io/ASN1/lib/asn1/encoders/index.js": "74a928dd911d78eb816c589f5c4df2431acc42b1a7b7ee696de30124f45d8b5d",
    "https://code4fukui.github.io/ASN1/lib/asn1/encoders/pem.js": "bee7ceba3b9f615015b45fe31a39dfc25fe1c1beec45360c44e99d0bc67fec95",
    "https://code4fukui.github.io/Base16/Base16.js": "0d9c05fc2af3141561c34031a5ba7683fe1fa3cbd2e14e7d327dd29b3bbdf63a",
    "https://code4fukui.github.io/Base64/Base64.js": "46cf1f7d46e4ca506d58d13e070a2f6fe350ea7d1b5e41ce6251928131fde7c1",
    "https://code4fukui.github.io/Base64URL/Base64URL.js": "0a10e9b9830800a9f98f8c6441d8f53bad278935a7088610877088743f083c7e",
    "https://code4fukui.github.io/CBOR-es/CBOR.js": "2d4053865ea217e84ae144e91ffb796aea935a5fb4b037df228d1cbccd698805",
    "https://code4fukui.github.io/bn.js/lib/bn.js": "f928fadcc559e656c9f35ebd9289a9accec05da25ff107b8ebb917f4b05c5dbc",
    "https://code4fukui.github.io/commander-es/index.js": "8c4ea0017956aa93343f1764382ab5f4c42121b1ff19039039c4ca36e9ca3c67",
    "https://code4fukui.github.io/commander-es/lib/argument.js": "e0cbd94005a34e23a6b13ee3581707b8460f8d249e727547a79c4d6fae02b651",
    "https://code4fukui.github.io/commander-es/lib/command.js": "555ccc8426899405bc8049313d6f35c7064edca9e92df346acd7377bf2849310",
    "https://code4fukui.github.io/commander-es/lib/error.js": "200eb82f6fb694300ebcb76812e4153b318f54cd3c4c3c5ce6308c2a6e62715e",
    "https://code4fukui.github.io/commander-es/lib/help.js": "91c895e463acd2bca61802fc6e176186e47a009a81948c54e55457502feb50c3",
    "https://code4fukui.github.io/commander-es/lib/nodelike/child_process.js": "2a460c3bd27b3d96a726b9da42b7d89bc21c7d953706679a525816619a2f8a50",
    "https://code4fukui.github.io/commander-es/lib/nodelike/events.js": "1bd0ddf1b33a1176cd369dd7c7cb75411f308d6ec3a2882a028ebb555b6dd39f",
    "https://code4fukui.github.io/commander-es/lib/nodelike/path.js": "1a97a6b585bedb2780e0260bb8977fb27a579202c32291084523558f5c5aa72c",
    "https://code4fukui.github.io/commander-es/lib/nodelike/process.js": "830b9bf53e65b51199b7a1bca4ddc19c58db13e86e16fee06eded698971bc9e2",
    "https://code4fukui.github.io/commander-es/lib/option.js": "d26c57ccfa4ac15607c88f5a1bfbe29e965aab1983c6e8bdbfeafe0392730aa5",
    "https://code4fukui.github.io/commander-es/lib/suggestSimilar.js": "8fb388bf2540558fb53e683dc14db82608f36727d3bf564948dc192d969f5ddf",
    "https://code4fukui.github.io/elliptic/lib/elliptic/curve/base.js": "c0774ee6b0d022268c2fe27d42308b58336a667990fa922411e9c00063911cb2",
    "https://code4fukui.github.io/elliptic/lib/elliptic/curve/edwards.js": "c21d9575adc06ef528f18dc17f1ec56c2ec277d7f1daaacba9f8e80234a0da04",
    "https://code4fukui.github.io/elliptic/lib/elliptic/curve/index.js": "962ec78274a1211e999eb395a0315f79702d30e964dd0f46d9ef4596980681b8",
    "https://code4fukui.github.io/elliptic/lib/elliptic/curve/mont.js": "39a65696efcdd246f91c676250c50bc6989f3f47bcd9889ff94a766fe445bf05",
    "https://code4fukui.github.io/elliptic/lib/elliptic/curve/short.js": "df6ff2044f24f564e24a544cf2a61823b770d02e6e71fe1f6892c11070889bc6",
    "https://code4fukui.github.io/elliptic/lib/elliptic/curves.js": "87355d55063e071d40ea08c32e5f01687aefeb9cf772eee385c47b2191cf8761",
    "https://code4fukui.github.io/elliptic/lib/elliptic/ec/index.js": "97cbab244c90facfd7386da427136688de4cc8d6488074be677a65e1b20dda2f",
    "https://code4fukui.github.io/elliptic/lib/elliptic/ec/key.js": "928b892de6e8fa90e61bcc44fcb043bce0f5c9eef725002f79cb4f9db0602ce8",
    "https://code4fukui.github.io/elliptic/lib/elliptic/ec/signature.js": "0f65091cf6335b9ed12b583dc0422be9952afe02c4a140cc2a2dc5e97ffd3bb8",
    "https://code4fukui.github.io/elliptic/lib/elliptic/utils.js": "0ae5af9cfab823d8c59d79b83ee79b211b8c1cbd1d5aaa7e31a08bae04ad0431",
    "https://code4fukui.github.io/encrypted-content-encoding/denojs/base64.js": "35e23d4afe91e7a92082ac97fa36f6f527c622b6b19cc62813eb621fb9512a99",
    "https://code4fukui.github.io/encrypted-content-encoding/denojs/crypto_node.js": "6b32b32d8e5a3cfa57e8da19829e323ea45220f0118b9226231439b49ad580f7",
    "https://code4fukui.github.io/encrypted-content-encoding/denojs/ece.js": "12e94850668259c4a2ef2fe3c200ce4b05adc27dc5d191f4462adc385393c24f",
    "https://code4fukui.github.io/inherits/inherits.js": "613a4806d072e544411fa2494999fea62a86dee19aafe1c7d160e42966f180d2",
    "https://code4fukui.github.io/minimalistic-assert/index.js": "9049130f13bd066f66a2a0f076df8e9719d7232ac9b309f115c83742417a79fd",
    "https://code4fukui.github.io/minimalistic-crypto-utils/lib/utils.js": "23d3d47fcd5dc6af25db8d7615035ee3efe48b3921b100e9123cb39c02076cdb",
    "https://code4fukui.github.io/node-ecdsa-sig-formatter/src/ecdsa-sig-formatter.js": "1dbe04361c37e67abf97972939fbe3b16b8cd98c5ca980a722ea73375975aded",
    "https://code4fukui.github.io/node-ecdsa-sig-formatter/src/param-bytes-for-alg.js": "6f0deaa4a71f8e5b44344d06831a3966ecfecd98a41a117c8c40d26634ad1b66",
    "https://code4fukui.github.io/safer-buffer/safer.js": "39980827e545aa36b5fe1c772f7465e845b41cbf10d539801bfcdf70f88f9501",
    "https://code4fukui.github.io/urlsafe-base64/index.js": "41f46c1fb233f66cf0ac4fab02df43a0ec066270d659d91b52dcbeb2ef215c4f",
    "https://code4fukui.github.io/urlsafe-base64/lib/urlsafe-base64.js": "b6bfb8f6deb1500006b5e63ff42b57280b26b68817089dee4c60100bdde069f6",
    "https://code4fukui.github.io/web-push/src/JWS_crypto_ec.js": "764b9cb0177bbc8c9b4a7c1676a77296de73af987fa753c9395e488f7422736c",
    "https://code4fukui.github.io/web-push/src/JWS_prime256v1.js": "c2bb3916507dbc5188d898b511e843e21e0d673d0d9cbf4e46c786ee9d56f611",
    "https://code4fukui.github.io/web-push/src/encryption-helper.js": "75b24561952ac6e08e95ccb1909c7bb92c1f6c987510e9f865140eeabb1231f2",
    "https://code4fukui.github.io/web-push/src/index.js": "c2973f9393b2f1c05a21d7eba502a2d56592a7d18aa68ec456e72d03a14d5fbe",
    "https://code4fukui.github.io/web-push/src/toUint8Array.js": "79288cf4d1f3b1f769dcc1475d162ab98a9694dc1e703aa7d7555c9aa50bc3be",
    "https://code4fukui.github.io/web-push/src/urlsafe-base64-helper.js": "678cf902515f3329456c7f07e13a5f2c2ee3902a05e56ceba669556900539c51",
    "https://code4fukui.github.io/web-push/src/vapid-helper.js": "a589d2aad59eb7b7a6931dbeca1244b509a5e45b58b93ea73cd2dec5c1e5057e",
    "https://code4fukui.github.io/web-push/src/web-push-constants.js": "687d388c41c972a3a1a3f899592e319e4405fb7cdded41355ef95ee7863a122c",
    "https://code4fukui.github.io/web-push/src/web-push-error.js": "e7ba217da9cf534907fb2ef58da8b3584b6d0d5cb9720a1e55669f84d73a1230",
    "https://code4fukui.github.io/web-push/src/web-push-lib.js": "e7fe6fc208baf88b6ca4c4c418296ea3158d48b88df7e0a37b67dbdf79735e14",
    "https://code4fukui.github.io/wsutil/handleAPI.js": "41a2868ec7957c11a01a2527883ae589d002ee64e09332b8ed96a3dbf8bcf516",
    "https://code4fukui.github.io/wsutil/handleWeb.js": "90391df286b925d74bba7efee55d145d17d721ebda4b6c7d276024fdc3f8382a",
    "https://code4fukui.github.io/wsutil/reqjson.js": "0727546d90a7df4104328c9a91d4d71420a816c6586d7ad6dc29b13df1b7a0ed",
    "https://code4fukui.github.io/wsutil/resjson.js": "c1355c0f8e604390c2d94e539bbb75e666b5af64419ca6dd749e972213617133",
    "https://code4fukui.github.io/wsutil/wsutil.js": "36b026d26a538d04000902877046211625c6fc5a0462f6f129dac98dc110aa12",
    "https://code4sabae.github.io/js/UUID.js": "547a43f95b19680682199d72ca94f834b1f0e7ceaf9f32ea1fe19005e80df8f2",
    "https://code4sabae.github.io/js/hex.js": "677e9edc00fb2638a15f636b84d71ab3edcfd0561b9a7b4fa4a27e416d704ccd",
    "https://code4sabae.github.io/js/rnd.js": "edc128cb8f9b9f0eb4ccff124a3c668eee4e62ac9737bb69ccfb1f7754cb4ec2",
    "https://deno.land/std@0.157.0/async/abortable.ts": "87aa7230be8360c24ad437212311c9e8d4328854baec27b4c7abb26e85515c06",
    "https://deno.land/std@0.157.0/async/deadline.ts": "48ac998d7564969f3e6ec6b6f9bf0217ebd00239b1b2292feba61272d5dd58d0",
    "https://deno.land/std@0.157.0/async/debounce.ts": "de5433bff08a2bb61416fc53b3bd2d5867090c8a815465e5b4a10a77495b1051",
    "https://deno.land/std@0.157.0/async/deferred.ts": "c01de44b9192359cebd3fe93273fcebf9e95110bf3360023917da9a2d1489fae",
    "https://deno.land/std@0.157.0/async/delay.ts": "0419dfc993752849692d1f9647edf13407c7facc3509b099381be99ffbc9d699",
    "https://deno.land/std@0.157.0/async/mod.ts": "dd0a8ed4f3984ffabe2fcca7c9f466b7932d57b1864ffee148a5d5388316db6b",
    "https://deno.land/std@0.157.0/async/mux_async_iterator.ts": "3447b28a2a582224a3d4d3596bccbba6e85040da3b97ed64012f7decce98d093",
    "https://deno.land/std@0.157.0/async/pool.ts": "ef9eb97b388543acbf0ac32647121e4dbe629236899586c4d4311a8770fbb239",
    "https://deno.land/std@0.157.0/async/tee.ts": "d27680d911816fcb3d231e16d690e7588079e66a9b2e5ce8cc354db94fdce95f",
    "https://deno.land/std@0.157.0/http/server.ts": "c1bce1cbf4060055f622d5c3f0e406fd553e5dca111ca836d28c6268f170ebeb",
    "https://deno.land/std@0.194.0/_util/asserts.ts": "178dfc49a464aee693a7e285567b3d0b555dc805ff490505a8aae34f9cfb1462",
    "https://deno.land/std@0.194.0/_util/os.ts": "d932f56d41e4f6a6093d56044e29ce637f8dcc43c5a90af43504a889cf1775e3",
    "https://deno.land/std@0.194.0/async/abortable.ts": "fd682fa46f3b7b16b4606a5ab52a7ce309434b76f820d3221bdfb862719a15d7",
    "https://deno.land/std@0.194.0/async/deadline.ts": "58f72a3cc0fcb731b2cc055ba046f4b5be3349ff6bf98f2e793c3b969354aab2",
    "https://deno.land/std@0.194.0/async/debounce.ts": "adab11d04ca38d699444ac8a9d9856b4155e8dda2afd07ce78276c01ea5a4332",
    "https://deno.land/std@0.194.0/async/deferred.ts": "42790112f36a75a57db4a96d33974a936deb7b04d25c6084a9fa8a49f135def8",
    "https://deno.land/std@0.194.0/async/delay.ts": "73aa04cec034c84fc748c7be49bb15cac3dd43a57174bfdb7a4aec22c248f0dd",
    "https://deno.land/std@0.194.0/async/mod.ts": "f04344fa21738e5ad6bea37a6bfffd57c617c2d372bb9f9dcfd118a1b622e576",
    "https://deno.land/std@0.194.0/async/mux_async_iterator.ts": "70c7f2ee4e9466161350473ad61cac0b9f115cff4c552eaa7ef9d50c4cbb4cc9",
    "https://deno.land/std@0.194.0/async/pool.ts": "f1b8d3df4d7fd3c73f8cbc91cc2e8b8e950910f1eab94230b443944d7584c657",
    "https://deno.land/std@0.194.0/async/retry.ts": "b1ccf653954a4e52b3d9731e57d18b864e689a7462e78fb20440b11be9905080",
    "https://deno.land/std@0.194.0/async/tee.ts": "47e42d35f622650b02234d43803d0383a89eb4387e1b83b5a40106d18ae36757",
    "https://deno.land/std@0.194.0/collections/_utils.ts": "5114abc026ddef71207a79609b984614e66a63a4bda17d819d56b0e72c51527e",
    "https://deno.land/std@0.194.0/collections/deep_merge.ts": "d4628270ec6325055b95162df05b8543961b6f5b2a56f7cc46b730cc2c7b84ab",
    "https://deno.land/std@0.194.0/encoding/base64.ts": "144ae6234c1fbe5b68666c711dc15b1e9ee2aef6d42b3b4345bf9a6c91d70d0d",
    "https://deno.land/std@0.194.0/flags/mod.ts": "17f444ddbee43c5487568de0c6a076c7729cfe90d96d2ffcd2b8f8adadafb6e8",
    "https://deno.land/std@0.194.0/fmt/bytes.ts": "f29cf69e0791d375f9f5d94ae1f0641e5a03b975f32ddf86d70f70fdf37e7b6a",
    "https://deno.land/std@0.194.0/fmt/colors.ts": "d67e3cd9f472535241a8e410d33423980bec45047e343577554d3356e1f0ef4e",
    "https://deno.land/std@0.194.0/http/etag.ts": "6ad8abbbb1045aabf2307959a2c5565054a8bf01c9824ddee836b1ff22706a58",
    "https://deno.land/std@0.194.0/http/file_server.ts": "2349d927be838b32a965ba435d0e8351932b79186fa582ea2d7168b6b53ba36e",
    "https://deno.land/std@0.194.0/http/http_status.ts": "8a7bcfe3ac025199ad804075385e57f63d055b2aed539d943ccc277616d6f932",
    "https://deno.land/std@0.194.0/http/server.ts": "1b23463b5b36e4eebc495417f6af47a6f7d52e3294827a1226d2a1aab23d9d20",
    "https://deno.land/std@0.194.0/http/util.ts": "4cf044067febaa26d0830e356b0f3a5f76d701a60d7ff7a516fad7b192f4c3a7",
    "https://deno.land/std@0.194.0/media_types/_db.ts": "7606d83e31f23ce1a7968cbaee852810c2cf477903a095696cdc62eaab7ce570",
    "https://deno.land/std@0.194.0/media_types/_util.ts": "916efbd30b6148a716f110e67a4db29d6949bf4048997b754415dd7e42c52378",
    "https://deno.land/std@0.194.0/media_types/content_type.ts": "ad98a5aa2d95f5965b2796072284258710a25e520952376ed432b0937ce743bc",
    "https://deno.land/std@0.194.0/media_types/format_media_type.ts": "f5e1073c05526a6f5a516ac5c5587a1abd043bf1039c71cde1166aa4328c8baf",
    "https://deno.land/std@0.194.0/media_types/get_charset.ts": "18b88274796fda5d353806bf409eb1d2ddb3f004eb4bd311662c4cdd8ac173db",
    "https://deno.land/std@0.194.0/media_types/parse_media_type.ts": "835c4112e1357e95b4f10d7cdea5ae1801967e444f48673ff8f1cb4d32af9920",
    "https://deno.land/std@0.194.0/media_types/type_by_extension.ts": "daa801eb0f11cdf199445d0f1b656cf116d47dcf9e5b85cc1e6b4469f5ee0432",
    "https://deno.land/std@0.194.0/media_types/vendor/mime-db.v1.52.0.ts": "6925bbcae81ca37241e3f55908d0505724358cda3384eaea707773b2c7e99586",
    "https://deno.land/std@0.194.0/path/_constants.ts": "e49961f6f4f48039c0dfed3c3f93e963ca3d92791c9d478ac5b43183413136e0",
    "https://deno.land/std@0.194.0/path/_interface.ts": "6471159dfbbc357e03882c2266d21ef9afdb1e4aa771b0545e90db58a0ba314b",
    "https://deno.land/std@0.194.0/path/_util.ts": "d7abb1e0dea065f427b89156e28cdeb32b045870acdf865833ba808a73b576d0",
    "https://deno.land/std@0.194.0/path/common.ts": "ee7505ab01fd22de3963b64e46cff31f40de34f9f8de1fff6a1bd2fe79380000",
    "https://deno.land/std@0.194.0/path/glob.ts": "d479e0a695621c94d3fd7fe7abd4f9499caf32a8de13f25073451c6ef420a4e1",
    "https://deno.land/std@0.194.0/path/mod.ts": "f065032a7189404fdac3ad1a1551a9ac84751d2f25c431e101787846c86c79ef",
    "https://deno.land/std@0.194.0/path/posix.ts": "8b7c67ac338714b30c816079303d0285dd24af6b284f7ad63da5b27372a2c94d",
    "https://deno.land/std@0.194.0/path/separator.ts": "0fb679739d0d1d7bf45b68dacfb4ec7563597a902edbaf3c59b50d5bcadd93b1",
    "https://deno.land/std@0.194.0/path/win32.ts": "d186344e5583bcbf8b18af416d13d82b35a317116e6460a5a3953508c3de5bba",
    "https://deno.land/std@0.194.0/streams/byte_slice_stream.ts": "225d57263a34325d7c96cb3dafeb478eec0e6fd05cd0458d678752eadd132bb4",
    "https://deno.land/std@0.194.0/version.ts": "04e5fc461ac4ab1f4d2d0bdc814fbbed940319e9939096f4334b1db8216f102d",
    "https://js.sabae.cc/Base64URL.js": "d4b724f8d8dab658c25a5e62948d5d26cda54e86214908ce20871e3f7f398832",
    "https://js.sabae.cc/CBOR.js": "f29945e6b9255eac7ba2ce633118434619436f782b02ef00710c6a4da381f245",
    "https://js.sabae.cc/CONTENT_TYPE.js": "877e58524e3818f593153f196836fba20306ea5387a4d2e413c64a17730fd827",
    "https://js.sabae.cc/wsutil.js": "8b4b72ca3fb2ab882d45382419555b48ab6f81dea2dbd4c3c16fae9b185e3a69",
    "https://taisukef.github.io/base64-js/base64.js": "99f24aa838235a2fad8ee466f6a09c88d999e4e64b231949442cb0ad098f4012",
    "https://taisukef.github.io/buffer/Buffer.js": "f2ef471c4d814469564437b73d86feef9a2212a0bfcf7b9ea7d959c6b19adbc5",
    "https://taisukef.github.io/forge-es/lib/aes.js": "ae4a2e1e7b05c9e57c8248b827f5c954a422c23aa7b1e1d2bf4be3caee1270de",
    "https://taisukef.github.io/forge-es/lib/baseN.js": "d1970430f1c3459ec55acc69edd2f6e40c9a4d9461d8befeeedb6caff5de6d2a",
    "https://taisukef.github.io/forge-es/lib/cipher.js": "6bc2ca8f41132be9bd42b4abd45b3593e74e13d18df727b90ea7edd9fd189777",
    "https://taisukef.github.io/forge-es/lib/cipherModes.js": "870d9c55c6e5f26795c694ed6db87672a0d3fe1c0a36b029c044306e633b6899",
    "https://taisukef.github.io/forge-es/lib/forge.js": "9f388d543ae2d541370a97902426c6424774cf32c10024b693332fe99b6f5a8b",
    "https://taisukef.github.io/forge-es/lib/util.js": "5a81abef9e1d318f80d4a2766fc6797718e3b2e782e35fbaa344364bb2a425f2",
    "https://taisukef.github.io/ieee754/ieee754.js": "80467c7fc90e8ceecd5856a905aa8756414882713aea70cfc89ea0a640c0907d"
  }
}
